
Microsoft Visual Studio Solution File, Format Version 12.00
# Visual Studio Version 17
VisualStudioVersion = 17.8.34525.116
MinimumVisualStudioVersion = 10.0.40219.1
Project("{FAE04EC0-301F-11D3-BF4B-00C04F79EFBC}") = "ContractMonthlyClaimsSystemWeb", "ContractMonthlyClaimsSystemWeb.csproj", "{B4AB389B-FE4D-46D6-826A-3B93EC4E4C37}"
EndProject
Global
	GlobalSection(SolutionConfigurationPlatforms) = preSolution
		Debug|Any CPU = Debug|Any CPU
		Release|Any CPU = Release|Any CPU
	EndGlobalSection
	GlobalSection(ProjectConfigurationPlatforms) = postSolution
		{B4AB389B-FE4D-46D6-826A-3B93EC4E4C37}.Debug|Any CPU.ActiveCfg = Debug|Any CPU
		{B4AB389B-FE4D-46D6-826A-3B93EC4E4C37}.Debug|Any CPU.Build.0 = Debug|Any CPU
		{B4AB389B-FE4D-46D6-826A-3B93EC4E4C37}.Release|Any CPU.ActiveCfg = Release|Any CPU
		{B4AB389B-FE4D-46D6-826A-3B93EC4E4C37}.Release|Any CPU.Build.0 = Release|Any CPU
	EndGlobalSection
	GlobalSection(SolutionProperties) = preSolution
		HideSolutionNode = FALSE
	EndGlobalSection
	GlobalSection(ExtensibilityGlobals) = postSolution
		SolutionGuid = {9788F3C3-BA5F-4F51-976D-E4FAAD7D1C17}
	EndGlobalSection
EndGlobal
